<Solution>
  <Project Path="SupportDesk.ApiTests/SupportDesk.ApiTests.csproj" />
  <Project Path="SupportDesk.Application/SupportDesk.Application.csproj" />
  <Project Path="SupportDesk.Domain/SupportDesk.Domain.csproj" />
  <Project Path="SupportDesk.Infrastructure/SupportDesk.Infrastructure.csproj" />
  <Project Path="SupportDesk.WebApi/SupportDesk.WebApi.csproj" />
  <Project Path="SupportDesk.ArchitectureTests/SupportDesk.ArchitectureTests.csproj" />
  <Project Path="SupportDesk.OutboxProcessor/SupportDesk.OutboxProcessor.csproj" />
  <Project Path="SupportDesk.TestsUtility/SupportDesk.TestsUtility.csproj" />
  <Project Path="SupportDesk.UnitTests/SupportDesk.UnitTests.csproj" />
  <Project Path="SupportDesk.IntegrationTests/SupportDesk.IntegrationTests.csproj" />
  <Project Path="SupportDesk.Worker/SupportDesk.Worker.csproj" />
</Solution>
