<Solution>
  <Project Path="SupportDesk.Application/SupportDesk.Application.csproj" />
  <Project Path="SupportDesk.Domain/SupportDesk.Domain.csproj" />
  <Project Path="SupportDesk.Infrastructure/SupportDesk.Infrastructure.csproj" />
  <Project Path="SupportDesk.WebApi/SupportDesk.WebApi.csproj" />
  <Project Path="SupportDesk.ArchitectureTests/SupportDesk.ArchitectureTests.csproj" />
  
  <Project Path="SupportDeskWebApi/SupportDeskWebApi.csproj" />
</Solution>
